
Microsoft Visual Studio Solution File, Format Version 12.00
# Visual Studio 2013
VisualStudioVersion = 12.0.21005.1
MinimumVisualStudioVersion = 10.0.40219.1
Project("{8BC9CEB8-8B4A-11D0-8D11-00A0C91BC942}") = "Projectday06", "Projectday06\Projectday06.vcxproj", "{EDE78CE8-0E68-4290-8B4B-CED5F3BEFFB0}"
EndProject
Global
	GlobalSection(SolutionConfigurationPlatforms) = preSolution
		Debug|Win32 = Debug|Win32
		Release|Win32 = Release|Win32
	EndGlobalSection
	GlobalSection(ProjectConfigurationPlatforms) = postSolution
		{EDE78CE8-0E68-4290-8B4B-CED5F3BEFFB0}.Debug|Win32.ActiveCfg = Debug|Win32
		{EDE78CE8-0E68-4290-8B4B-CED5F3BEFFB0}.Debug|Win32.Build.0 = Debug|Win32
		{EDE78CE8-0E68-4290-8B4B-CED5F3BEFFB0}.Release|Win32.ActiveCfg = Release|Win32
		{EDE78CE8-0E68-4290-8B4B-CED5F3BEFFB0}.Release|Win32.Build.0 = Release|Win32
	EndGlobalSection
	GlobalSection(SolutionProperties) = preSolution
		HideSolutionNode = FALSE
	EndGlobalSection
EndGlobal
